// !$*UTF8*$!
{
	archiveVersion = 1;
	classes = {
	};
	objectVersion = 46;
	objects = {

/* Begin PBXBuildFile section */
		6E1B71451F514E0D0082DED1 /* HHZOptionsViewTopShape.m in Sources */ = {isa = PBXBuildFile; fileRef = 6E1B71401F514E0D0082DED1 /* HHZOptionsViewTopShape.m */; };
		6E1B71461F514E0D0082DED1 /* HHZPopupOptionsView.m in Sources */ = {isa = PBXBuildFile; fileRef = 6E1B71421F514E0D0082DED1 /* HHZPopupOptionsView.m */; };
		6E1B71471F514E0D0082DED1 /* HHZPopupOptionView.m in Sources */ = {isa = PBXBuildFile; fileRef = 6E1B71441F514E0D0082DED1 /* HHZPopupOptionView.m */; };
		6E58123B1F2DC4B2002EA975 /* main.m in Sources */ = {isa = PBXBuildFile; fileRef = 6E58123A1F2DC4B2002EA975 /* main.m */; };
		6E58123E1F2DC4B2002EA975 /* AppDelegate.m in Sources */ = {isa = PBXBuildFile; fileRef = 6E58123D1F2DC4B2002EA975 /* AppDelegate.m */; };
		6E5812411F2DC4B2002EA975 /* ViewController.m in Sources */ = {isa = PBXBuildFile; fileRef = 6E5812401F2DC4B2002EA975 /* ViewController.m */; };
		6E5812441F2DC4B2002EA975 /* Main.storyboard in Resources */ = {isa = PBXBuildFile; fileRef = 6E5812421F2DC4B2002EA975 /* Main.storyboard */; };
		6E5812461F2DC4B2002EA975 /* Assets.xcassets in Resources */ = {isa = PBXBuildFile; fileRef = 6E5812451F2DC4B2002EA975 /* Assets.xcassets */; };
		6E5812491F2DC4B2002EA975 /* LaunchScreen.storyboard in Resources */ = {isa = PBXBuildFile; fileRef = 6E5812471F2DC4B2002EA975 /* LaunchScreen.storyboard */; };
		6EF72F7B1F53951900A41DC0 /* TestViewController.m in Sources */ = {isa = PBXBuildFile; fileRef = 6EF72F791F53951900A41DC0 /* TestViewController.m */; };
		6EF72F7C1F53951900A41DC0 /* TestViewController.xib in Resources */ = {isa = PBXBuildFile; fileRef = 6EF72F7A1F53951900A41DC0 /* TestViewController.xib */; };
		E5D6A0EF9B2D25896240ACB7 /* libPods-HHZPopupView.a in Frameworks */ = {isa = PBXBuildFile; fileRef = 22790B9F5CC65D890723BC1F /* libPods-HHZPopupView.a */; };
/* End PBXBuildFile section */

/* Begin PBXFileReference section */
		22790B9F5CC65D890723BC1F /* libPods-HHZPopupView.a */ = {isa = PBXFileReference; explicitFileType = archive.ar; includeInIndex = 0; path = "libPods-HHZPopupView.a"; sourceTree = BUILT_PRODUCTS_DIR; };
		629ABA2FA092D64595BDCD3C /* Pods-HHZPopupView.release.xcconfig */ = {isa = PBXFileReference; includeInIndex = 1; lastKnownFileType = text.xcconfig; name = "Pods-HHZPopupView.release.xcconfig"; path = "Pods/Target Support Files/Pods-HHZPopupView/Pods-HHZPopupView.release.xcconfig"; sourceTree = "<group>"; };
		6E1B713F1F514E0D0082DED1 /* HHZOptionsViewTopShape.h */ = {isa = PBXFileReference; fileEncoding = 4; lastKnownFileType = sourcecode.c.h; path = HHZOptionsViewTopShape.h; sourceTree = "<group>"; };
		6E1B71401F514E0D0082DED1 /* HHZOptionsViewTopShape.m */ = {isa = PBXFileReference; fileEncoding = 4; lastKnownFileType = sourcecode.c.objc; path = HHZOptionsViewTopShape.m; sourceTree = "<group>"; };
		6E1B71411F514E0D0082DED1 /* HHZPopupOptionsView.h */ = {isa = PBXFileReference; fileEncoding = 4; lastKnownFileType = sourcecode.c.h; path = HHZPopupOptionsView.h; sourceTree = "<group>"; };
		6E1B71421F514E0D0082DED1 /* HHZPopupOptionsView.m */ = {isa = PBXFileReference; fileEncoding = 4; lastKnownFileType = sourcecode.c.objc; path = HHZPopupOptionsView.m; sourceTree = "<group>"; };
		6E1B71431F514E0D0082DED1 /* HHZPopupOptionView.h */ = {isa = PBXFileReference; fileEncoding = 4; lastKnownFileType = sourcecode.c.h; path = HHZPopupOptionView.h; sourceTree = "<group>"; };
		6E1B71441F514E0D0082DED1 /* HHZPopupOptionView.m */ = {isa = PBXFileReference; fileEncoding = 4; lastKnownFileType = sourcecode.c.objc; path = HHZPopupOptionView.m; sourceTree = "<group>"; };
		6E5812361F2DC4B2002EA975 /* HHZPopupView.app */ = {isa = PBXFileReference; explicitFileType = wrapper.application; includeInIndex = 0; path = HHZPopupView.app; sourceTree = BUILT_PRODUCTS_DIR; };
		6E58123A1F2DC4B2002EA975 /* main.m */ = {isa = PBXFileReference; lastKnownFileType = sourcecode.c.objc; path = main.m; sourceTree = "<group>"; };
		6E58123C1F2DC4B2002EA975 /* AppDelegate.h */ = {isa = PBXFileReference; lastKnownFileType = sourcecode.c.h; path = AppDelegate.h; sourceTree = "<group>"; };
		6E58123D1F2DC4B2002EA975 /* AppDelegate.m */ = {isa = PBXFileReference; lastKnownFileType = sourcecode.c.objc; path = AppDelegate.m; sourceTree = "<group>"; };
		6E58123F1F2DC4B2002EA975 /* ViewController.h */ = {isa = PBXFileReference; lastKnownFileType = sourcecode.c.h; path = ViewController.h; sourceTree = "<group>"; };
		6E5812401F2DC4B2002EA975 /* ViewController.m */ = {isa = PBXFileReference; lastKnownFileType = sourcecode.c.objc; path = ViewController.m; sourceTree = "<group>"; };
		6E5812431F2DC4B2002EA975 /* Base */ = {isa = PBXFileReference; lastKnownFileType = file.storyboard; name = Base; path = Base.lproj/Main.storyboard; sourceTree = "<group>"; };
		6E5812451F2DC4B2002EA975 /* Assets.xcassets */ = {isa = PBXFileReference; lastKnownFileType = folder.assetcatalog; path = Assets.xcassets; sourceTree = "<group>"; };
		6E5812481F2DC4B2002EA975 /* Base */ = {isa = PBXFileReference; lastKnownFileType = file.storyboard; name = Base; path = Base.lproj/LaunchScreen.storyboard; sourceTree = "<group>"; };
		6E58124A1F2DC4B2002EA975 /* Info.plist */ = {isa = PBXFileReference; lastKnownFileType = text.plist.xml; path = Info.plist; sourceTree = "<group>"; };
		6EF72F781F53951900A41DC0 /* TestViewController.h */ = {isa = PBXFileReference; fileEncoding = 4; lastKnownFileType = sourcecode.c.h; path = TestViewController.h; sourceTree = "<group>"; };
		6EF72F791F53951900A41DC0 /* TestViewController.m */ = {isa = PBXFileReference; fileEncoding = 4; lastKnownFileType = sourcecode.c.objc; path = TestViewController.m; sourceTree = "<group>"; };
		6EF72F7A1F53951900A41DC0 /* TestViewController.xib */ = {isa = PBXFileReference; fileEncoding = 4; lastKnownFileType = file.xib; path = TestViewController.xib; sourceTree = "<group>"; };
		F3E47A39542AD7853ECDE454 /* Pods-HHZPopupView.debug.xcconfig */ = {isa = PBXFileReference; includeInIndex = 1; lastKnownFileType = text.xcconfig; name = "Pods-HHZPopupView.debug.xcconfig"; path = "Pods/Target Support Files/Pods-HHZPopupView/Pods-HHZPopupView.debug.xcconfig"; sourceTree = "<group>"; };
/* End PBXFileReference section */

/* Begin PBXFrameworksBuildPhase section */
		6E5812331F2DC4B2002EA975 /* Frameworks */ = {
			isa = PBXFrameworksBuildPhase;
			buildActionMask = 2147483647;
			files = (
				E5D6A0EF9B2D25896240ACB7 /* libPods-HHZPopupView.a in Frameworks */,
			);
			runOnlyForDeploymentPostprocessing = 0;
		};
/* End PBXFrameworksBuildPhase section */

/* Begin PBXGroup section */
		6E1B713D1F514E0D0082DED1 /* classes */ = {
			isa = PBXGroup;
			children = (
				6E1B713E1F514E0D0082DED1 /* popupOptions */,
			);
			path = classes;
			sourceTree = "<group>";
		};
		6E1B713E1F514E0D0082DED1 /* popupOptions */ = {
			isa = PBXGroup;
			children = (
				6E1B713F1F514E0D0082DED1 /* HHZOptionsViewTopShape.h */,
				6E1B71401F514E0D0082DED1 /* HHZOptionsViewTopShape.m */,
				6E1B71411F514E0D0082DED1 /* HHZPopupOptionsView.h */,
				6E1B71421F514E0D0082DED1 /* HHZPopupOptionsView.m */,
				6E1B71431F514E0D0082DED1 /* HHZPopupOptionView.h */,
				6E1B71441F514E0D0082DED1 /* HHZPopupOptionView.m */,
			);
			path = popupOptions;
			sourceTree = "<group>";
		};
		6E58122D1F2DC4B2002EA975 = {
			isa = PBXGroup;
			children = (
				6E5812381F2DC4B2002EA975 /* HHZPopupView */,
				6E5812371F2DC4B2002EA975 /* Products */,
				CA8BFF5E9BBAF7294FF8B5CD /* Pods */,
				BA342E1D148DA19A4656E080 /* Frameworks */,
			);
			sourceTree = "<group>";
		};
		6E5812371F2DC4B2002EA975 /* Products */ = {
			isa = PBXGroup;
			children = (
				6E5812361F2DC4B2002EA975 /* HHZPopupView.app */,
			);
			name = Products;
			sourceTree = "<group>";
		};
		6E5812381F2DC4B2002EA975 /* HHZPopupView */ = {
			isa = PBXGroup;
			children = (
				6E1B713D1F514E0D0082DED1 /* classes */,
				6E58123C1F2DC4B2002EA975 /* AppDelegate.h */,
				6E58123D1F2DC4B2002EA975 /* AppDelegate.m */,
				6E58123F1F2DC4B2002EA975 /* ViewController.h */,
				6E5812401F2DC4B2002EA975 /* ViewController.m */,
				6EF72F781F53951900A41DC0 /* TestViewController.h */,
				6EF72F791F53951900A41DC0 /* TestViewController.m */,
				6EF72F7A1F53951900A41DC0 /* TestViewController.xib */,
				6E5812421F2DC4B2002EA975 /* Main.storyboard */,
				6E5812451F2DC4B2002EA975 /* Assets.xcassets */,
				6E5812471F2DC4B2002EA975 /* LaunchScreen.storyboard */,
				6E58124A1F2DC4B2002EA975 /* Info.plist */,
				6E5812391F2DC4B2002EA975 /* Supporting Files */,
			);
			path = HHZPopupView;
			sourceTree = "<group>";
		};
		6E5812391F2DC4B2002EA975 /* Supporting Files */ = {
			isa = PBXGroup;
			children = (
				6E58123A1F2DC4B2002EA975 /* main.m */,
			);
			name = "Supporting Files";
			sourceTree = "<group>";
		};
		BA342E1D148DA19A4656E080 /* Frameworks */ = {
			isa = PBXGroup;
			children = (
				22790B9F5CC65D890723BC1F /* libPods-HHZPopupView.a */,
			);
			name = Frameworks;
			sourceTree = "<group>";
		};
		CA8BFF5E9BBAF7294FF8B5CD /* Pods */ = {
			isa = PBXGroup;
			children = (
				F3E47A39542AD7853ECDE454 /* Pods-HHZPopupView.debug.xcconfig */,
				629ABA2FA092D64595BDCD3C /* Pods-HHZPopupView.release.xcconfig */,
			);
			name = Pods;
			sourceTree = "<group>";
		};
/* End PBXGroup section */

/* Begin PBXNativeTarget section */
		6E5812351F2DC4B2002EA975 /* HHZPopupView */ = {
			isa = PBXNativeTarget;
			buildConfigurationList = 6E58124D1F2DC4B2002EA975 /* Build configuration list for PBXNativeTarget "HHZPopupView" */;
			buildPhases = (
				73B6FBCD521F9177D0F89DE0 /* [CP] Check Pods Manifest.lock */,
				6E5812321F2DC4B2002EA975 /* Sources */,
				6E5812331F2DC4B2002EA975 /* Frameworks */,
				6E5812341F2DC4B2002EA975 /* Resources */,
				09F58AEC2C6A43EFE3AC4F88 /* [CP] Embed Pods Frameworks */,
				142EBF135DC5BCFC4E2A17FB /* [CP] Copy Pods Resources */,
			);
			buildRules = (
			);
			dependencies = (
			);
			name = HHZPopupView;
			productName = HHZPopupView;
			productReference = 6E5812361F2DC4B2002EA975 /* HHZPopupView.app */;
			productType = "com.apple.product-type.application";
		};
/* End PBXNativeTarget section */

/* Begin PBXProject section */
		6E58122E1F2DC4B2002EA975 /* Project object */ = {
			isa = PBXProject;
			attributes = {
				LastUpgradeCheck = 0830;
				ORGANIZATIONNAME = "陈哲是个好孩子";
				TargetAttributes = {
					6E5812351F2DC4B2002EA975 = {
						CreatedOnToolsVersion = 8.3.3;
						ProvisioningStyle = Automatic;
					};
				};
			};
			buildConfigurationList = 6E5812311F2DC4B2002EA975 /* Build configuration list for PBXProject "HHZPopupView" */;
			compatibilityVersion = "Xcode 3.2";
			developmentRegion = English;
			hasScannedForEncodings = 0;
			knownRegions = (
				en,
				Base,
			);
			mainGroup = 6E58122D1F2DC4B2002EA975;
			productRefGroup = 6E5812371F2DC4B2002EA975 /* Products */;
			projectDirPath = "";
			projectRoot = "";
			targets = (
				6E5812351F2DC4B2002EA975 /* HHZPopupView */,
			);
		};
/* End PBXProject section */

/* Begin PBXResourcesBuildPhase section */
		6E5812341F2DC4B2002EA975 /* Resources */ = {
			isa = PBXResourcesBuildPhase;
			buildActionMask = 2147483647;
			files = (
				6E5812491F2DC4B2002EA975 /* LaunchScreen.storyboard in Resources */,
				6E5812461F2DC4B2002EA975 /* Assets.xcassets in Resources */,
				6EF72F7C1F53951900A41DC0 /* TestViewController.xib in Resources */,
				6E5812441F2DC4B2002EA975 /* Main.storyboard in Resources */,
			);
			runOnlyForDeploymentPostprocessing = 0;
		};
/* End PBXResourcesBuildPhase section */

/* Begin PBXShellScriptBuildPhase section */
		09F58AEC2C6A43EFE3AC4F88 /* [CP] Embed Pods Frameworks */ = {
			isa = PBXShellScriptBuildPhase;
			buildActionMask = 2147483647;
			files = (
			);
			inputPaths = (
			);
			name = "[CP] Embed Pods Frameworks";
			outputPaths = (
			);
			runOnlyForDeploymentPostprocessing = 0;
			shellPath = /bin/sh;
			shellScript = "\"${SRCROOT}/Pods/Target Support Files/Pods-HHZPopupView/Pods-HHZPopupView-frameworks.sh\"\n";
			showEnvVarsInLog = 0;
		};
		142EBF135DC5BCFC4E2A17FB /* [CP] Copy Pods Resources */ = {
			isa = PBXShellScriptBuildPhase;
			buildActionMask = 2147483647;
			files = (
			);
			inputPaths = (
			);
			name = "[CP] Copy Pods Resources";
			outputPaths = (
			);
			runOnlyForDeploymentPostprocessing = 0;
			shellPath = /bin/sh;
			shellScript = "\"${SRCROOT}/Pods/Target Support Files/Pods-HHZPopupView/Pods-HHZPopupView-resources.sh\"\n";
			showEnvVarsInLog = 0;
		};
		73B6FBCD521F9177D0F89DE0 /* [CP] Check Pods Manifest.lock */ = {
			isa = PBXShellScriptBuildPhase;
			buildActionMask = 2147483647;
			files = (
			);
			inputPaths = (
				"${PODS_PODFILE_DIR_PATH}/Podfile.lock",
				"${PODS_ROOT}/Manifest.lock",
			);
			name = "[CP] Check Pods Manifest.lock";
			outputPaths = (
				"$(DERIVED_FILE_DIR)/Pods-HHZPopupView-checkManifestLockResult.txt",
			);
			runOnlyForDeploymentPostprocessing = 0;
			shellPath = /bin/sh;
			shellScript = "diff \"${PODS_PODFILE_DIR_PATH}/Podfile.lock\" \"${PODS_ROOT}/Manifest.lock\" > /dev/null\nif [ $? != 0 ] ; then\n    # print error to STDERR\n    echo \"error: The sandbox is not in sync with the Podfile.lock. Run 'pod install' or update your CocoaPods installation.\" >&2\n    exit 1\nfi\n# This output is used by Xcode 'outputs' to avoid re-running this script phase.\necho \"SUCCESS\" > \"${SCRIPT_OUTPUT_FILE_0}\"\n";
			showEnvVarsInLog = 0;
		};
/* End PBXShellScriptBuildPhase section */

/* Begin PBXSourcesBuildPhase section */
		6E5812321F2DC4B2002EA975 /* Sources */ = {
			isa = PBXSourcesBuildPhase;
			buildActionMask = 2147483647;
			files = (
				6E1B71451F514E0D0082DED1 /* HHZOptionsViewTopShape.m in Sources */,
				6E1B71471F514E0D0082DED1 /* HHZPopupOptionView.m in Sources */,
				6EF72F7B1F53951900A41DC0 /* TestViewController.m in Sources */,
				6E5812411F2DC4B2002EA975 /* ViewController.m in Sources */,
				6E58123E1F2DC4B2002EA975 /* AppDelegate.m in Sources */,
				6E58123B1F2DC4B2002EA975 /* main.m in Sources */,
				6E1B71461F514E0D0082DED1 /* HHZPopupOptionsView.m in Sources */,
			);
			runOnlyForDeploymentPostprocessing = 0;
		};
/* End PBXSourcesBuildPhase section */

/* Begin PBXVariantGroup section */
		6E5812421F2DC4B2002EA975 /* Main.storyboard */ = {
			isa = PBXVariantGroup;
			children = (
				6E5812431F2DC4B2002EA975 /* Base */,
			);
			name = Main.storyboard;
			sourceTree = "<group>";
		};
		6E5812471F2DC4B2002EA975 /* LaunchScreen.storyboard */ = {
			isa = PBXVariantGroup;
			children = (
				6E5812481F2DC4B2002EA975 /* Base */,
			);
			name = LaunchScreen.storyboard;
			sourceTree = "<group>";
		};
/* End PBXVariantGroup section */

/* Begin XCBuildConfiguration section */
		6E58124B1F2DC4B2002EA975 /* Debug */ = {
			isa = XCBuildConfiguration;
			buildSettings = {
				ALWAYS_SEARCH_USER_PATHS = NO;
				CLANG_ANALYZER_NONNULL = YES;
				CLANG_ANALYZER_NUMBER_OBJECT_CONVERSION = YES_AGGRESSIVE;
				CLANG_CXX_LANGUAGE_STANDARD = "gnu++0x";
				CLANG_CXX_LIBRARY = "libc++";
				CLANG_ENABLE_MODULES = YES;
				CLANG_ENABLE_OBJC_ARC = YES;
				CLANG_WARN_BOOL_CONVERSION = YES;
				CLANG_WARN_CONSTANT_CONVERSION = YES;
				CLANG_WARN_DIRECT_OBJC_ISA_USAGE = YES_ERROR;
				CLANG_WARN_DOCUMENTATION_COMMENTS = YES;
				CLANG_WARN_EMPTY_BODY = YES;
				CLANG_WARN_ENUM_CONVERSION = YES;
				CLANG_WARN_INFINITE_RECURSION = YES;
				CLANG_WARN_INT_CONVERSION = YES;
				CLANG_WARN_OBJC_ROOT_CLASS = YES_ERROR;
				CLANG_WARN_SUSPICIOUS_MOVE = YES;
				CLANG_WARN_UNREACHABLE_CODE = YES;
				CLANG_WARN__DUPLICATE_METHOD_MATCH = YES;
				"CODE_SIGN_IDENTITY[sdk=iphoneos*]" = "iPhone Developer";
				COPY_PHASE_STRIP = NO;
				DEBUG_INFORMATION_FORMAT = dwarf;
				ENABLE_STRICT_OBJC_MSGSEND = YES;
				ENABLE_TESTABILITY = YES;
				GCC_C_LANGUAGE_STANDARD = gnu99;
				GCC_DYNAMIC_NO_PIC = NO;
				GCC_NO_COMMON_BLOCKS = YES;
				GCC_OPTIMIZATION_LEVEL = 0;
				GCC_PREPROCESSOR_DEFINITIONS = (
					"DEBUG=1",
					"$(inherited)",
				);
				GCC_WARN_64_TO_32_BIT_CONVERSION = YES;
				GCC_WARN_ABOUT_RETURN_TYPE = YES_ERROR;
				GCC_WARN_UNDECLARED_SELECTOR = YES;
				GCC_WARN_UNINITIALIZED_AUTOS = YES_AGGRESSIVE;
				GCC_WARN_UNUSED_FUNCTION = YES;
				GCC_WARN_UNUSED_VARIABLE = YES;
				IPHONEOS_DEPLOYMENT_TARGET = 10.3;
				MTL_ENABLE_DEBUG_INFO = YES;
				ONLY_ACTIVE_ARCH = YES;
				SDKROOT = iphoneos;
				TARGETED_DEVICE_FAMILY = "1,2";
			};
			name = Debug;
		};
		6E58124C1F2DC4B2002EA975 /* Release */ = {
			isa = XCBuildConfiguration;
			buildSettings = {
				ALWAYS_SEARCH_USER_PATHS = NO;
				CLANG_ANALYZER_NONNULL = YES;
				CLANG_ANALYZER_NUMBER_OBJECT_CONVERSION = YES_AGGRESSIVE;
				CLANG_CXX_LANGUAGE_STANDARD = "gnu++0x";
				CLANG_CXX_LIBRARY = "libc++";
				CLANG_ENABLE_MODULES = YES;
				CLANG_ENABLE_OBJC_ARC = YES;
				CLANG_WARN_BOOL_CONVERSION = YES;
				CLANG_WARN_CONSTANT_CONVERSION = YES;
				CLANG_WARN_DIRECT_OBJC_ISA_USAGE = YES_ERROR;
				CLANG_WARN_DOCUMENTATION_COMMENTS = YES;
				CLANG_WARN_EMPTY_BODY = YES;
				CLANG_WARN_ENUM_CONVERSION = YES;
				CLANG_WARN_INFINITE_RECURSION = YES;
				CLANG_WARN_INT_CONVERSION = YES;
				CLANG_WARN_OBJC_ROOT_CLASS = YES_ERROR;
				CLANG_WARN_SUSPICIOUS_MOVE = YES;
				CLANG_WARN_UNREACHABLE_CODE = YES;
				CLANG_WARN__DUPLICATE_METHOD_MATCH = YES;
				"CODE_SIGN_IDENTITY[sdk=iphoneos*]" = "iPhone Developer";
				COPY_PHASE_STRIP = NO;
				DEBUG_INFORMATION_FORMAT = "dwarf-with-dsym";
				ENABLE_NS_ASSERTIONS = NO;
				ENABLE_STRICT_OBJC_MSGSEND = YES;
				GCC_C_LANGUAGE_STANDARD = gnu99;
				GCC_NO_COMMON_BLOCKS = YES;
				GCC_WARN_64_TO_32_BIT_CONVERSION = YES;
				GCC_WARN_ABOUT_RETURN_TYPE = YES_ERROR;
				GCC_WARN_UNDECLARED_SELECTOR = YES;
				GCC_WARN_UNINITIALIZED_AUTOS = YES_AGGRESSIVE;
				GCC_WARN_UNUSED_FUNCTION = YES;
				GCC_WARN_UNUSED_VARIABLE = YES;
				IPHONEOS_DEPLOYMENT_TARGET = 10.3;
				MTL_ENABLE_DEBUG_INFO = NO;
				SDKROOT = iphoneos;
				TARGETED_DEVICE_FAMILY = "1,2";
				VALIDATE_PRODUCT = YES;
			};
			name = Release;
		};
		6E58124E1F2DC4B2002EA975 /* Debug */ = {
			isa = XCBuildConfiguration;
			baseConfigurationReference = F3E47A39542AD7853ECDE454 /* Pods-HHZPopupView.debug.xcconfig */;
			buildSettings = {
				ASSETCATALOG_COMPILER_APPICON_NAME = AppIcon;
				INFOPLIST_FILE = HHZPopupView/Info.plist;
				IPHONEOS_DEPLOYMENT_TARGET = 8.0;
				LD_RUNPATH_SEARCH_PATHS = "$(inherited) @executable_path/Frameworks";
				PRODUCT_BUNDLE_IDENTIFIER = com.chenzhe.HHZPopupView;
				PRODUCT_NAME = "$(TARGET_NAME)";
			};
			name = Debug;
		};
		6E58124F1F2DC4B2002EA975 /* Release */ = {
			isa = XCBuildConfiguration;
			baseConfigurationReference = 629ABA2FA092D64595BDCD3C /* Pods-HHZPopupView.release.xcconfig */;
			buildSettings = {
				ASSETCATALOG_COMPILER_APPICON_NAME = AppIcon;
				INFOPLIST_FILE = HHZPopupView/Info.plist;
				IPHONEOS_DEPLOYMENT_TARGET = 8.0;
				LD_RUNPATH_SEARCH_PATHS = "$(inherited) @executable_path/Frameworks";
				PRODUCT_BUNDLE_IDENTIFIER = com.chenzhe.HHZPopupView;
				PRODUCT_NAME = "$(TARGET_NAME)";
			};
			name = Release;
		};
/* End XCBuildConfiguration section */

/* Begin XCConfigurationList section */
		6E5812311F2DC4B2002EA975 /* Build configuration list for PBXProject "HHZPopupView" */ = {
			isa = XCConfigurationList;
			buildConfigurations = (
				6E58124B1F2DC4B2002EA975 /* Debug */,
				6E58124C1F2DC4B2002EA975 /* Release */,
			);
			defaultConfigurationIsVisible = 0;
			defaultConfigurationName = Release;
		};
		6E58124D1F2DC4B2002EA975 /* Build configuration list for PBXNativeTarget "HHZPopupView" */ = {
			isa = XCConfigurationList;
			buildConfigurations = (
				6E58124E1F2DC4B2002EA975 /* Debug */,
				6E58124F1F2DC4B2002EA975 /* Release */,
			);
			defaultConfigurationIsVisible = 0;
			defaultConfigurationName = Release;
		};
/* End XCConfigurationList section */
	};
	rootObject = 6E58122E1F2DC4B2002EA975 /* Project object */;
}
